// !$*UTF8*$!
{
	archiveVersion = 1;
	classes = {
	};
	objectVersion = 46;
	objects = {

/* Begin PBXBuildFile section */
		3F52A9361C15EC9000FCCB1A /* AppDelegate.swift in Sources */ = {isa = PBXBuildFile; fileRef = 3F52A9351C15EC9000FCCB1A /* AppDelegate.swift */; };
		3F52A9381C15EC9000FCCB1A /* ViewController.swift in Sources */ = {isa = PBXBuildFile; fileRef = 3F52A9371C15EC9000FCCB1A /* ViewController.swift */; };
		3F52A93B1C15EC9000FCCB1A /* Main.storyboard in Resources */ = {isa = PBXBuildFile; fileRef = 3F52A9391C15EC9000FCCB1A /* Main.storyboard */; };
		3F52A93D1C15EC9000FCCB1A /* Images.xcassets in Resources */ = {isa = PBXBuildFile; fileRef = 3F52A93C1C15EC9000FCCB1A /* Images.xcassets */; };
		3F52A9401C15EC9000FCCB1A /* LaunchScreen.xib in Resources */ = {isa = PBXBuildFile; fileRef = 3F52A93E1C15EC9000FCCB1A /* LaunchScreen.xib */; };
		3F52A94C1C15EC9000FCCB1A /* Build_an_ArmyTests.swift in Sources */ = {isa = PBXBuildFile; fileRef = 3F52A94B1C15EC9000FCCB1A /* Build_an_ArmyTests.swift */; };
/* End PBXBuildFile section */

/* Begin PBXContainerItemProxy section */
		3F52A9461C15EC9000FCCB1A /* PBXContainerItemProxy */ = {
			isa = PBXContainerItemProxy;
			containerPortal = 3F52A9281C15EC9000FCCB1A /* Project object */;
			proxyType = 1;
			remoteGlobalIDString = 3F52A92F1C15EC9000FCCB1A;
			remoteInfo = "Build an Army";
		};
/* End PBXContainerItemProxy section */

/* Begin PBXFileReference section */
		3F52A9301C15EC9000FCCB1A /* Build an Army.app */ = {isa = PBXFileReference; explicitFileType = wrapper.application; includeInIndex = 0; path = "Build an Army.app"; sourceTree = BUILT_PRODUCTS_DIR; };
		3F52A9341C15EC9000FCCB1A /* Info.plist */ = {isa = PBXFileReference; lastKnownFileType = text.plist.xml; path = Info.plist; sourceTree = "<group>"; };
		3F52A9351C15EC9000FCCB1A /* AppDelegate.swift */ = {isa = PBXFileReference; lastKnownFileType = sourcecode.swift; path = AppDelegate.swift; sourceTree = "<group>"; };
		3F52A9371C15EC9000FCCB1A /* ViewController.swift */ = {isa = PBXFileReference; lastKnownFileType = sourcecode.swift; path = ViewController.swift; sourceTree = "<group>"; };
		3F52A93A1C15EC9000FCCB1A /* Base */ = {isa = PBXFileReference; lastKnownFileType = file.storyboard; name = Base; path = Base.lproj/Main.storyboard; sourceTree = "<group>"; };
		3F52A93C1C15EC9000FCCB1A /* Images.xcassets */ = {isa = PBXFileReference; lastKnownFileType = folder.assetcatalog; path = Images.xcassets; sourceTree = "<group>"; };
		3F52A93F1C15EC9000FCCB1A /* Base */ = {isa = PBXFileReference; lastKnownFileType = file.xib; name = Base; path = Base.lproj/LaunchScreen.xib; sourceTree = "<group>"; };
		3F52A9451C15EC9000FCCB1A /* Build an ArmyTests.xctest */ = {isa = PBXFileReference; explicitFileType = wrapper.cfbundle; includeInIndex = 0; path = "Build an ArmyTests.xctest"; sourceTree = BUILT_PRODUCTS_DIR; };
		3F52A94A1C15EC9000FCCB1A /* Info.plist */ = {isa = PBXFileReference; lastKnownFileType = text.plist.xml; path = Info.plist; sourceTree = "<group>"; };
		3F52A94B1C15EC9000FCCB1A /* Build_an_ArmyTests.swift */ = {isa = PBXFileReference; lastKnownFileType = sourcecode.swift; path = Build_an_ArmyTests.swift; sourceTree = "<group>"; };
/* End PBXFileReference section */

/* Begin PBXFrameworksBuildPhase section */
		3F52A92D1C15EC9000FCCB1A /* Frameworks */ = {
			isa = PBXFrameworksBuildPhase;
			buildActionMask = 2147483647;
			files = (
			);
			runOnlyForDeploymentPostprocessing = 0;
		};
		3F52A9421C15EC9000FCCB1A /* Frameworks */ = {
			isa = PBXFrameworksBuildPhase;
			buildActionMask = 2147483647;
			files = (
			);
			runOnlyForDeploymentPostprocessing = 0;
		};
/* End PBXFrameworksBuildPhase section */

/* Begin PBXGroup section */
		3F52A9271C15EC9000FCCB1A = {
			isa = PBXGroup;
			children = (
				3F52A9321C15EC9000FCCB1A /* Build an Army */,
				3F52A9481C15EC9000FCCB1A /* Build an ArmyTests */,
				3F52A9311C15EC9000FCCB1A /* Products */,
			);
			sourceTree = "<group>";
		};
		3F52A9311C15EC9000FCCB1A /* Products */ = {
			isa = PBXGroup;
			children = (
				3F52A9301C15EC9000FCCB1A /* Build an Army.app */,
				3F52A9451C15EC9000FCCB1A /* Build an ArmyTests.xctest */,
			);
			name = Products;
			sourceTree = "<group>";
		};
		3F52A9321C15EC9000FCCB1A /* Build an Army */ = {
			isa = PBXGroup;
			children = (
				3F52A9351C15EC9000FCCB1A /* AppDelegate.swift */,
				3F52A9371C15EC9000FCCB1A /* ViewController.swift */,
				3F52A9391C15EC9000FCCB1A /* Main.storyboard */,
				3F52A93C1C15EC9000FCCB1A /* Images.xcassets */,
				3F52A93E1C15EC9000FCCB1A /* LaunchScreen.xib */,
				3F52A9331C15EC9000FCCB1A /* Supporting Files */,
			);
			path = "Build an Army";
			sourceTree = "<group>";
		};
		3F52A9331C15EC9000FCCB1A /* Supporting Files */ = {
			isa = PBXGroup;
			children = (
				3F52A9341C15EC9000FCCB1A /* Info.plist */,
			);
			name = "Supporting Files";
			sourceTree = "<group>";
		};
		3F52A9481C15EC9000FCCB1A /* Build an ArmyTests */ = {
			isa = PBXGroup;
			children = (
				3F52A94B1C15EC9000FCCB1A /* Build_an_ArmyTests.swift */,
				3F52A9491C15EC9000FCCB1A /* Supporting Files */,
			);
			path = "Build an ArmyTests";
			sourceTree = "<group>";
		};
		3F52A9491C15EC9000FCCB1A /* Supporting Files */ = {
			isa = PBXGroup;
			children = (
				3F52A94A1C15EC9000FCCB1A /* Info.plist */,
			);
			name = "Supporting Files";
			sourceTree = "<group>";
		};
/* End PBXGroup section */

/* Begin PBXNativeTarget section */
		3F52A92F1C15EC9000FCCB1A /* Build an Army */ = {
			isa = PBXNativeTarget;
			buildConfigurationList = 3F52A94F1C15EC9000FCCB1A /* Build configuration list for PBXNativeTarget "Build an Army" */;
			buildPhases = (
				3F52A92C1C15EC9000FCCB1A /* Sources */,
				3F52A92D1C15EC9000FCCB1A /* Frameworks */,
				3F52A92E1C15EC9000FCCB1A /* Resources */,
			);
			buildRules = (
			);
			dependencies = (
			);
			name = "Build an Army";
			productName = "Build an Army";
			productReference = 3F52A9301C15EC9000FCCB1A /* Build an Army.app */;
			productType = "com.apple.product-type.application";
		};
		3F52A9441C15EC9000FCCB1A /* Build an ArmyTests */ = {
			isa = PBXNativeTarget;
			buildConfigurationList = 3F52A9521C15EC9000FCCB1A /* Build configuration list for PBXNativeTarget "Build an ArmyTests" */;
			buildPhases = (
				3F52A9411C15EC9000FCCB1A /* Sources */,
				3F52A9421C15EC9000FCCB1A /* Frameworks */,
				3F52A9431C15EC9000FCCB1A /* Resources */,
			);
			buildRules = (
			);
			dependencies = (
				3F52A9471C15EC9000FCCB1A /* PBXTargetDependency */,
			);
			name = "Build an ArmyTests";
			productName = "Build an ArmyTests";
			productReference = 3F52A9451C15EC9000FCCB1A /* Build an ArmyTests.xctest */;
			productType = "com.apple.product-type.bundle.unit-test";
		};
/* End PBXNativeTarget section */

/* Begin PBXProject section */
		3F52A9281C15EC9000FCCB1A /* Project object */ = {
			isa = PBXProject;
			attributes = {
				LastUpgradeCheck = 0640;
				ORGANIZATIONNAME = kpritchett;
				TargetAttributes = {
					3F52A92F1C15EC9000FCCB1A = {
						CreatedOnToolsVersion = 6.4;
					};
					3F52A9441C15EC9000FCCB1A = {
						CreatedOnToolsVersion = 6.4;
						TestTargetID = 3F52A92F1C15EC9000FCCB1A;
					};
				};
			};
			buildConfigurationList = 3F52A92B1C15EC9000FCCB1A /* Build configuration list for PBXProject "Build an Army" */;
			compatibilityVersion = "Xcode 3.2";
			developmentRegion = English;
			hasScannedForEncodings = 0;
			knownRegions = (
				en,
				Base,
			);
			mainGroup = 3F52A9271C15EC9000FCCB1A;
			productRefGroup = 3F52A9311C15EC9000FCCB1A /* Products */;
			projectDirPath = "";
			projectRoot = "";
			targets = (
				3F52A92F1C15EC9000FCCB1A /* Build an Army */,
				3F52A9441C15EC9000FCCB1A /* Build an ArmyTests */,
			);
		};
/* End PBXProject section */

/* Begin PBXResourcesBuildPhase section */
		3F52A92E1C15EC9000FCCB1A /* Resources */ = {
			isa = PBXResourcesBuildPhase;
			buildActionMask = 2147483647;
			files = (
				3F52A93B1C15EC9000FCCB1A /* Main.storyboard in Resources */,
				3F52A9401C15EC9000FCCB1A /* LaunchScreen.xib in Resources */,
				3F52A93D1C15EC9000FCCB1A /* Images.xcassets in Resources */,
			);
			runOnlyForDeploymentPostprocessing = 0;
		};
		3F52A9431C15EC9000FCCB1A /* Resources */ = {
			isa = PBXResourcesBuildPhase;
			buildActionMask = 2147483647;
			files = (
			);
			runOnlyForDeploymentPostprocessing = 0;
		};
/* End PBXResourcesBuildPhase section */

/* Begin PBXSourcesBuildPhase section */
		3F52A92C1C15EC9000FCCB1A /* Sources */ = {
			isa = PBXSourcesBuildPhase;
			buildActionMask = 2147483647;
			files = (
				3F52A9381C15EC9000FCCB1A /* ViewController.swift in Sources */,
				3F52A9361C15EC9000FCCB1A /* AppDelegate.swift in Sources */,
			);
			runOnlyForDeploymentPostprocessing = 0;
		};
		3F52A9411C15EC9000FCCB1A /* Sources */ = {
			isa = PBXSourcesBuildPhase;
			buildActionMask = 2147483647;
			files = (
				3F52A94C1C15EC9000FCCB1A /* Build_an_ArmyTests.swift in Sources */,
			);
			runOnlyForDeploymentPostprocessing = 0;
		};
/* End PBXSourcesBuildPhase section */

/* Begin PBXTargetDependency section */
		3F52A9471C15EC9000FCCB1A /* PBXTargetDependency */ = {
			isa = PBXTargetDependency;
			target = 3F52A92F1C15EC9000FCCB1A /* Build an Army */;
			targetProxy = 3F52A9461C15EC9000FCCB1A /* PBXContainerItemProxy */;
		};
/* End PBXTargetDependency section */

/* Begin PBXVariantGroup section */
		3F52A9391C15EC9000FCCB1A /* Main.storyboard */ = {
			isa = PBXVariantGroup;
			children = (
				3F52A93A1C15EC9000FCCB1A /* Base */,
			);
			name = Main.storyboard;
			sourceTree = "<group>";
		};
		3F52A93E1C15EC9000FCCB1A /* LaunchScreen.xib */ = {
			isa = PBXVariantGroup;
			children = (
				3F52A93F1C15EC9000FCCB1A /* Base */,
			);
			name = LaunchScreen.xib;
			sourceTree = "<group>";
		};
/* End PBXVariantGroup section */

/* Begin XCBuildConfiguration section */
		3F52A94D1C15EC9000FCCB1A /* Debug */ = {
			isa = XCBuildConfiguration;
			buildSettings = {
				ALWAYS_SEARCH_USER_PATHS = NO;
				CLANG_CXX_LANGUAGE_STANDARD = "gnu++0x";
				CLANG_CXX_LIBRARY = "libc++";
				CLANG_ENABLE_MODULES = YES;
				CLANG_ENABLE_OBJC_ARC = YES;
				CLANG_WARN_BOOL_CONVERSION = YES;
				CLANG_WARN_CONSTANT_CONVERSION = YES;
				CLANG_WARN_DIRECT_OBJC_ISA_USAGE = YES_ERROR;
				CLANG_WARN_EMPTY_BODY = YES;
				CLANG_WARN_ENUM_CONVERSION = YES;
				CLANG_WARN_INT_CONVERSION = YES;
				CLANG_WARN_OBJC_ROOT_CLASS = YES_ERROR;
				CLANG_WARN_UNREACHABLE_CODE = YES;
				CLANG_WARN__DUPLICATE_METHOD_MATCH = YES;
				"CODE_SIGN_IDENTITY[sdk=iphoneos*]" = "iPhone Developer";
				COPY_PHASE_STRIP = NO;
				DEBUG_INFORMATION_FORMAT = "dwarf-with-dsym";
				ENABLE_STRICT_OBJC_MSGSEND = YES;
				GCC_C_LANGUAGE_STANDARD = gnu99;
				GCC_DYNAMIC_NO_PIC = NO;
				GCC_NO_COMMON_BLOCKS = YES;
				GCC_OPTIMIZATION_LEVEL = 0;
				GCC_PREPROCESSOR_DEFINITIONS = (
					"DEBUG=1",
					"$(inherited)",
				);
				GCC_SYMBOLS_PRIVATE_EXTERN = NO;
				GCC_WARN_64_TO_32_BIT_CONVERSION = YES;
				GCC_WARN_ABOUT_RETURN_TYPE = YES_ERROR;
				GCC_WARN_UNDECLARED_SELECTOR = YES;
				GCC_WARN_UNINITIALIZED_AUTOS = YES_AGGRESSIVE;
				GCC_WARN_UNUSED_FUNCTION = YES;
				GCC_WARN_UNUSED_VARIABLE = YES;
				IPHONEOS_DEPLOYMENT_TARGET = 8.4;
				MTL_ENABLE_DEBUG_INFO = YES;
				ONLY_ACTIVE_ARCH = YES;
				SDKROOT = iphoneos;
				SWIFT_OPTIMIZATION_LEVEL = "-Onone";
				TARGETED_DEVICE_FAMILY = "1,2";
			};
			name = Debug;
		};
		3F52A94E1C15EC9000FCCB1A /* Release */ = {
			isa = XCBuildConfiguration;
			buildSettings = {
				ALWAYS_SEARCH_USER_PATHS = NO;
				CLANG_CXX_LANGUAGE_STANDARD = "gnu++0x";
				CLANG_CXX_LIBRARY = "libc++";
				CLANG_ENABLE_MODULES = YES;
				CLANG_ENABLE_OBJC_ARC = YES;
				CLANG_WARN_BOOL_CONVERSION = YES;
				CLANG_WARN_CONSTANT_CONVERSION = YES;
				CLANG_WARN_DIRECT_OBJC_ISA_USAGE = YES_ERROR;
				CLANG_WARN_EMPTY_BODY = YES;
				CLANG_WARN_ENUM_CONVERSION = YES;
				CLANG_WARN_INT_CONVERSION = YES;
				CLANG_WARN_OBJC_ROOT_CLASS = YES_ERROR;
				CLANG_WARN_UNREACHABLE_CODE = YES;
				CLANG_WARN__DUPLICATE_METHOD_MATCH = YES;
				"CODE_SIGN_IDENTITY[sdk=iphoneos*]" = "iPhone Developer";
				COPY_PHASE_STRIP = NO;
				DEBUG_INFORMATION_FORMAT = "dwarf-with-dsym";
				ENABLE_NS_ASSERTIONS = NO;
				ENABLE_STRICT_OBJC_MSGSEND = YES;
				GCC_C_LANGUAGE_STANDARD = gnu99;
				GCC_NO_COMMON_BLOCKS = YES;
				GCC_WARN_64_TO_32_BIT_CONVERSION = YES;
				GCC_WARN_ABOUT_RETURN_TYPE = YES_ERROR;
				GCC_WARN_UNDECLARED_SELECTOR = YES;
				GCC_WARN_UNINITIALIZED_AUTOS = YES_AGGRESSIVE;
				GCC_WARN_UNUSED_FUNCTION = YES;
				GCC_WARN_UNUSED_VARIABLE = YES;
				IPHONEOS_DEPLOYMENT_TARGET = 8.4;
				MTL_ENABLE_DEBUG_INFO = NO;
				SDKROOT = iphoneos;
				TARGETED_DEVICE_FAMILY = "1,2";
				VALIDATE_PRODUCT = YES;
			};
			name = Release;
		};
		3F52A9501C15EC9000FCCB1A /* Debug */ = {
			isa = XCBuildConfiguration;
			buildSettings = {
				ASSETCATALOG_COMPILER_APPICON_NAME = AppIcon;
				INFOPLIST_FILE = "Build an Army/Info.plist";
				LD_RUNPATH_SEARCH_PATHS = "$(inherited) @executable_path/Frameworks";
				PRODUCT_NAME = "$(TARGET_NAME)";
			};
			name = Debug;
		};
		3F52A9511C15EC9000FCCB1A /* Release */ = {
			isa = XCBuildConfiguration;
			buildSettings = {
				ASSETCATALOG_COMPILER_APPICON_NAME = AppIcon;
				INFOPLIST_FILE = "Build an Army/Info.plist";
				LD_RUNPATH_SEARCH_PATHS = "$(inherited) @executable_path/Frameworks";
				PRODUCT_NAME = "$(TARGET_NAME)";
			};
			name = Release;
		};
		3F52A9531C15EC9000FCCB1A /* Debug */ = {
			isa = XCBuildConfiguration;
			buildSettings = {
				BUNDLE_LOADER = "$(TEST_HOST)";
				FRAMEWORK_SEARCH_PATHS = (
					"$(SDKROOT)/Developer/Library/Frameworks",
					"$(inherited)",
				);
				GCC_PREPROCESSOR_DEFINITIONS = (
					"DEBUG=1",
					"$(inherited)",
				);
				INFOPLIST_FILE = "Build an ArmyTests/Info.plist";
				LD_RUNPATH_SEARCH_PATHS = "$(inherited) @executable_path/Frameworks @loader_path/Frameworks";
				PRODUCT_NAME = "$(TARGET_NAME)";
				TEST_HOST = "$(BUILT_PRODUCTS_DIR)/Build an Army.app/Build an Army";
			};
			name = Debug;
		};
		3F52A9541C15EC9000FCCB1A /* Release */ = {
			isa = XCBuildConfiguration;
			buildSettings = {
				BUNDLE_LOADER = "$(TEST_HOST)";
				FRAMEWORK_SEARCH_PATHS = (
					"$(SDKROOT)/Developer/Library/Frameworks",
					"$(inherited)",
				);
				INFOPLIST_FILE = "Build an ArmyTests/Info.plist";
				LD_RUNPATH_SEARCH_PATHS = "$(inherited) @executable_path/Frameworks @loader_path/Frameworks";
				PRODUCT_NAME = "$(TARGET_NAME)";
				TEST_HOST = "$(BUILT_PRODUCTS_DIR)/Build an Army.app/Build an Army";
			};
			name = Release;
		};
/* End XCBuildConfiguration section */

/* Begin XCConfigurationList section */
		3F52A92B1C15EC9000FCCB1A /* Build configuration list for PBXProject "Build an Army" */ = {
			isa = XCConfigurationList;
			buildConfigurations = (
				3F52A94D1C15EC9000FCCB1A /* Debug */,
				3F52A94E1C15EC9000FCCB1A /* Release */,
			);
			defaultConfigurationIsVisible = 0;
			defaultConfigurationName = Release;
		};
		3F52A94F1C15EC9000FCCB1A /* Build configuration list for PBXNativeTarget "Build an Army" */ = {
			isa = XCConfigurationList;
			buildConfigurations = (
				3F52A9501C15EC9000FCCB1A /* Debug */,
				3F52A9511C15EC9000FCCB1A /* Release */,
			);
			defaultConfigurationIsVisible = 0;
		};
		3F52A9521C15EC9000FCCB1A /* Build configuration list for PBXNativeTarget "Build an ArmyTests" */ = {
			isa = XCConfigurationList;
			buildConfigurations = (
				3F52A9531C15EC9000FCCB1A /* Debug */,
				3F52A9541C15EC9000FCCB1A /* Release */,
			);
			defaultConfigurationIsVisible = 0;
		};
/* End XCConfigurationList section */
	};
	rootObject = 3F52A9281C15EC9000FCCB1A /* Project object */;
}
